
Microsoft Visual Studio Solution File, Format Version 12.00
# Visual Studio Version 17
VisualStudioVersion = 17.13.35806.99 d17.13
MinimumVisualStudioVersion = 10.0.40219.1
Project("{FAE04EC0-301F-11D3-BF4B-00C04F79EFBC}") = "WebPiaget", "WebPiaget\WebPiaget.csproj", "{405FECAB-7DEB-4619-A772-C36369BF653E}"
EndProject
Global
	GlobalSection(SolutionConfigurationPlatforms) = preSolution
		Debug|Any CPU = Debug|Any CPU
		Release|Any CPU = Release|Any CPU
	EndGlobalSection
	GlobalSection(ProjectConfigurationPlatforms) = postSolution
		{405FECAB-7DEB-4619-A772-C36369BF653E}.Debug|Any CPU.ActiveCfg = Debug|Any CPU
		{405FECAB-7DEB-4619-A772-C36369BF653E}.Debug|Any CPU.Build.0 = Debug|Any CPU
		{405FECAB-7DEB-4619-A772-C36369BF653E}.Release|Any CPU.ActiveCfg = Release|Any CPU
		{405FECAB-7DEB-4619-A772-C36369BF653E}.Release|Any CPU.Build.0 = Release|Any CPU
	EndGlobalSection
	GlobalSection(SolutionProperties) = preSolution
		HideSolutionNode = FALSE
	EndGlobalSection
	GlobalSection(ExtensibilityGlobals) = postSolution
		SolutionGuid = {FB15337A-B384-496D-A9C3-CA5EA585CAFF}
	EndGlobalSection
EndGlobal
